{
  "originHash" : "b87fcd1cddf1c31d3df6878095d2c0443d0c75a2801ac1632c2f4edf5efdec79",
  "pins" : [
    {
      "identity" : "concurrency-utils",
      "kind" : "remoteSourceControl",
      "location" : "https://github.com/grepug/concurrency-utils.git",
      "state" : {
        "branch" : "main",
        "revision" : "a53969719d9e7667e8bbc2cf557b2ab32b2c136c"
      }
    },
    {
      "identity" : "context-shared-models",
      "kind" : "remoteSourceControl",
      "location" : "https://github.com/grepug/context-shared-models.git",
      "state" : {
        "branch" : "main",
        "revision" : "69bff869601330b53c67568a89fdac4f0f2c1453"
      }
    },
    {
      "identity" : "errorkit",
      "kind" : "remoteSourceControl",
      "location" : "https://github.com/FlineDev/ErrorKit.git",
      "state" : {
        "revision" : "94d08765d65a7fc7b64730b0a9920ce4246d9fa0",
        "version" : "1.2.1"
      }
    },
    {
      "identity" : "event-source",
      "kind" : "remoteSourceControl",
      "location" : "https://github.com/grepug/event-source.git",
      "state" : {
        "branch" : "master",
        "revision" : "9573201033c457f0786e4419fea8752bde0a52c1"
      }
    },
    {
      "identity" : "swift-asn1",
      "kind" : "remoteSourceControl",
      "location" : "https://github.com/apple/swift-asn1.git",
      "state" : {
        "revision" : "f70225981241859eb4aa1a18a75531d26637c8cc",
        "version" : "1.4.0"
      }
    },
    {
      "identity" : "swift-async-algorithms",
      "kind" : "remoteSourceControl",
      "location" : "https://github.com/apple/swift-async-algorithms",
      "state" : {
        "revision" : "042e1c4d9d19748c9c228f8d4ebc97bb1e339b0b",
        "version" : "1.0.4"
      }
    },
    {
      "identity" : "swift-collections",
      "kind" : "remoteSourceControl",
      "location" : "https://github.com/apple/swift-collections.git",
      "state" : {
        "revision" : "c11818f3cae0780656baa430b49e7f163f08dffd",
        "version" : "1.1.6"
      }
    },
    {
      "identity" : "swift-crypto",
      "kind" : "remoteSourceControl",
      "location" : "https://github.com/apple/swift-crypto.git",
      "state" : {
        "revision" : "334e682869394ee239a57dbe9262bff3cd9495bd",
        "version" : "3.14.0"
      }
    },
    {
      "identity" : "swift-syntax",
      "kind" : "remoteSourceControl",
      "location" : "https://github.com/swiftlang/swift-syntax",
      "state" : {
        "revision" : "f99ae8aa18f0cf0d53481901f88a0991dc3bd4a2",
        "version" : "601.0.1"
      }
    }
  ],
  "version" : 3
}
